
Microsoft Visual Studio Solution File, Format Version 12.00
# Visual Studio Version 17
VisualStudioVersion = 17.5.33530.505
MinimumVisualStudioVersion = 10.0.40219.1
Project("{FAE04EC0-301F-11D3-BF4B-00C04F79EFBC}") = "Examen1erParcial", "Examen1erParcial\Examen1erParcial.csproj", "{83D822FE-87AF-4C4E-890F-DB5C2C101A9F}"
EndProject
Global
	GlobalSection(SolutionConfigurationPlatforms) = preSolution
		Debug|Any CPU = Debug|Any CPU
		Release|Any CPU = Release|Any CPU
	EndGlobalSection
	GlobalSection(ProjectConfigurationPlatforms) = postSolution
		{83D822FE-87AF-4C4E-890F-DB5C2C101A9F}.Debug|Any CPU.ActiveCfg = Debug|Any CPU
		{83D822FE-87AF-4C4E-890F-DB5C2C101A9F}.Debug|Any CPU.Build.0 = Debug|Any CPU
		{83D822FE-87AF-4C4E-890F-DB5C2C101A9F}.Release|Any CPU.ActiveCfg = Release|Any CPU
		{83D822FE-87AF-4C4E-890F-DB5C2C101A9F}.Release|Any CPU.Build.0 = Release|Any CPU
	EndGlobalSection
	GlobalSection(SolutionProperties) = preSolution
		HideSolutionNode = FALSE
	EndGlobalSection
	GlobalSection(ExtensibilityGlobals) = postSolution
		SolutionGuid = {D5CAD954-F59F-4ABC-AC42-07CC1E928F72}
	EndGlobalSection
EndGlobal
